
Microsoft Visual Studio Solution File, Format Version 12.00
# Visual Studio 15
VisualStudioVersion = 15.0.27703.2035
MinimumVisualStudioVersion = 10.0.40219.1
Project("{FAE04EC0-301F-11D3-BF4B-00C04F79EFBC}") = "MultiDimensionalUtilityAI", "MultiDimensionalUtilityAI\MultiDimensionalUtilityAI.csproj", "{E6A07CB2-AE83-484B-8C9B-FE56F1DB9416}"
EndProject
Project("{FAE04EC0-301F-11D3-BF4B-00C04F79EFBC}") = "MultiDimensionalUtilityAITest", "..\MultiDimensionalUtilityAITest\MultiDimensionalUtilityAITest.csproj", "{4819AD14-A243-45DE-9543-E921E162289F}"
EndProject
Global
	GlobalSection(SolutionConfigurationPlatforms) = preSolution
		Debug|Any CPU = Debug|Any CPU
		Release|Any CPU = Release|Any CPU
	EndGlobalSection
	GlobalSection(ProjectConfigurationPlatforms) = postSolution
		{E6A07CB2-AE83-484B-8C9B-FE56F1DB9416}.Debug|Any CPU.ActiveCfg = Debug|Any CPU
		{E6A07CB2-AE83-484B-8C9B-FE56F1DB9416}.Debug|Any CPU.Build.0 = Debug|Any CPU
		{E6A07CB2-AE83-484B-8C9B-FE56F1DB9416}.Release|Any CPU.ActiveCfg = Release|Any CPU
		{E6A07CB2-AE83-484B-8C9B-FE56F1DB9416}.Release|Any CPU.Build.0 = Release|Any CPU
		{4819AD14-A243-45DE-9543-E921E162289F}.Debug|Any CPU.ActiveCfg = Debug|Any CPU
		{4819AD14-A243-45DE-9543-E921E162289F}.Debug|Any CPU.Build.0 = Debug|Any CPU
		{4819AD14-A243-45DE-9543-E921E162289F}.Release|Any CPU.ActiveCfg = Release|Any CPU
		{4819AD14-A243-45DE-9543-E921E162289F}.Release|Any CPU.Build.0 = Release|Any CPU
	EndGlobalSection
	GlobalSection(SolutionProperties) = preSolution
		HideSolutionNode = FALSE
	EndGlobalSection
	GlobalSection(ExtensibilityGlobals) = postSolution
		SolutionGuid = {1DF5065A-31E8-4553-B00C-D846907B3987}
	EndGlobalSection
EndGlobal
